// !$*UTF8*$!
{
	archiveVersion = 1;
	classes = {
	};
	objectVersion = 51;
	objects = {

/* Begin PBXBuildFile section */
		543FC358610CEA61B9A15AAB /* Pods_simply_grocery_simply_groceryUITests.framework in Frameworks */ = {isa = PBXBuildFile; fileRef = 25718AD9BD39AA9ABE6593CC /* Pods_simply_grocery_simply_groceryUITests.framework */; };
		5F2515742395EDF800E66843 /* LoginView.swift in Sources */ = {isa = PBXBuildFile; fileRef = 5F2515732395EDF700E66843 /* LoginView.swift */; };
		5F25157623960A5100E66843 /* WelcomeView.swift in Sources */ = {isa = PBXBuildFile; fileRef = 5F25157523960A5100E66843 /* WelcomeView.swift */; };
		5F4DF3352399E53800FF830C /* GroceryListView.swift in Sources */ = {isa = PBXBuildFile; fileRef = 5F4DF3342399E53800FF830C /* GroceryListView.swift */; };
		5F4DF33A239C53BF00FF830C /* UserSettings.swift in Sources */ = {isa = PBXBuildFile; fileRef = 5F4DF339239C53BF00FF830C /* UserSettings.swift */; };
		5F4DF33D239C5AC800FF830C /* Session.swift in Sources */ = {isa = PBXBuildFile; fileRef = 5F4DF33C239C5AC800FF830C /* Session.swift */; };
		5F4DF34023A0866000FF830C /* ToDoListView.swift in Sources */ = {isa = PBXBuildFile; fileRef = 5F4DF33F23A0866000FF830C /* ToDoListView.swift */; };
		5F4DF34223A088B200FF830C /* RefreshableScrollView.swift in Sources */ = {isa = PBXBuildFile; fileRef = 5F4DF34123A088B200FF830C /* RefreshableScrollView.swift */; };
		5F4DF34423A0890A00FF830C /* dbLookupView.swift in Sources */ = {isa = PBXBuildFile; fileRef = 5F4DF34323A0890A00FF830C /* dbLookupView.swift */; };
		5F4DF34623A090F600FF830C /* AddNewItemView.swift in Sources */ = {isa = PBXBuildFile; fileRef = 5F4DF34523A090F600FF830C /* AddNewItemView.swift */; };
		5F61841823932147006982BE /* GoogleService-Info.plist in Resources */ = {isa = PBXBuildFile; fileRef = 5F61841723932147006982BE /* GoogleService-Info.plist */; };
		5F9419F12392FEA300F0CEEE /* AppDelegate.swift in Sources */ = {isa = PBXBuildFile; fileRef = 5F9419F02392FEA300F0CEEE /* AppDelegate.swift */; };
		5F9419F32392FEA300F0CEEE /* SceneDelegate.swift in Sources */ = {isa = PBXBuildFile; fileRef = 5F9419F22392FEA300F0CEEE /* SceneDelegate.swift */; };
		5F9419F52392FEA300F0CEEE /* SignUp.swift in Sources */ = {isa = PBXBuildFile; fileRef = 5F9419F42392FEA300F0CEEE /* SignUp.swift */; };
		5F9419F72392FEA600F0CEEE /* Assets.xcassets in Resources */ = {isa = PBXBuildFile; fileRef = 5F9419F62392FEA600F0CEEE /* Assets.xcassets */; };
		5F9419FA2392FEA600F0CEEE /* Preview Assets.xcassets in Resources */ = {isa = PBXBuildFile; fileRef = 5F9419F92392FEA600F0CEEE /* Preview Assets.xcassets */; };
		5F9419FD2392FEA600F0CEEE /* LaunchScreen.storyboard in Resources */ = {isa = PBXBuildFile; fileRef = 5F9419FB2392FEA600F0CEEE /* LaunchScreen.storyboard */; };
		5F941A082392FEA700F0CEEE /* simply_groceryTests.swift in Sources */ = {isa = PBXBuildFile; fileRef = 5F941A072392FEA700F0CEEE /* simply_groceryTests.swift */; };
		5F941A132392FEA700F0CEEE /* simply_groceryUITests.swift in Sources */ = {isa = PBXBuildFile; fileRef = 5F941A122392FEA700F0CEEE /* simply_groceryUITests.swift */; };
		93BD510B7C9542EB9127ADA0 /* Pods_simply_grocery.framework in Frameworks */ = {isa = PBXBuildFile; fileRef = 5DE8E24A05539A5783388D81 /* Pods_simply_grocery.framework */; };
		E4677C2A6ADB54AE61AC8139 /* Pods_simply_groceryTests.framework in Frameworks */ = {isa = PBXBuildFile; fileRef = 27E72FCDBC6FD6C24F7D5284 /* Pods_simply_groceryTests.framework */; };
/* End PBXBuildFile section */

/* Begin PBXContainerItemProxy section */
		5F941A042392FEA700F0CEEE /* PBXContainerItemProxy */ = {
			isa = PBXContainerItemProxy;
			containerPortal = 5F9419E52392FEA200F0CEEE /* Project object */;
			proxyType = 1;
			remoteGlobalIDString = 5F9419EC2392FEA300F0CEEE;
			remoteInfo = "simply-grocery";
		};
		5F941A0F2392FEA700F0CEEE /* PBXContainerItemProxy */ = {
			isa = PBXContainerItemProxy;
			containerPortal = 5F9419E52392FEA200F0CEEE /* Project object */;
			proxyType = 1;
			remoteGlobalIDString = 5F9419EC2392FEA300F0CEEE;
			remoteInfo = "simply-grocery";
		};
/* End PBXContainerItemProxy section */

/* Begin PBXFileReference section */
		17743BDE7D1C785951572907 /* Pods-simply-groceryTests.debug.xcconfig */ = {isa = PBXFileReference; includeInIndex = 1; lastKnownFileType = text.xcconfig; name = "Pods-simply-groceryTests.debug.xcconfig"; path = "Target Support Files/Pods-simply-groceryTests/Pods-simply-groceryTests.debug.xcconfig"; sourceTree = "<group>"; };
		1E7B5056FD91D3B9A42D9FA3 /* Pods-simply-grocery.debug.xcconfig */ = {isa = PBXFileReference; includeInIndex = 1; lastKnownFileType = text.xcconfig; name = "Pods-simply-grocery.debug.xcconfig"; path = "Target Support Files/Pods-simply-grocery/Pods-simply-grocery.debug.xcconfig"; sourceTree = "<group>"; };
		25718AD9BD39AA9ABE6593CC /* Pods_simply_grocery_simply_groceryUITests.framework */ = {isa = PBXFileReference; explicitFileType = wrapper.framework; includeInIndex = 0; path = Pods_simply_grocery_simply_groceryUITests.framework; sourceTree = BUILT_PRODUCTS_DIR; };
		27E72FCDBC6FD6C24F7D5284 /* Pods_simply_groceryTests.framework */ = {isa = PBXFileReference; explicitFileType = wrapper.framework; includeInIndex = 0; path = Pods_simply_groceryTests.framework; sourceTree = BUILT_PRODUCTS_DIR; };
		5DE8E24A05539A5783388D81 /* Pods_simply_grocery.framework */ = {isa = PBXFileReference; explicitFileType = wrapper.framework; includeInIndex = 0; path = Pods_simply_grocery.framework; sourceTree = BUILT_PRODUCTS_DIR; };
		5F2515732395EDF700E66843 /* LoginView.swift */ = {isa = PBXFileReference; lastKnownFileType = sourcecode.swift; path = LoginView.swift; sourceTree = "<group>"; };
		5F25157523960A5100E66843 /* WelcomeView.swift */ = {isa = PBXFileReference; lastKnownFileType = sourcecode.swift; path = WelcomeView.swift; sourceTree = "<group>"; };
		5F4DF3342399E53800FF830C /* GroceryListView.swift */ = {isa = PBXFileReference; lastKnownFileType = sourcecode.swift; path = GroceryListView.swift; sourceTree = "<group>"; };
		5F4DF339239C53BF00FF830C /* UserSettings.swift */ = {isa = PBXFileReference; lastKnownFileType = sourcecode.swift; path = UserSettings.swift; sourceTree = "<group>"; };
		5F4DF33C239C5AC800FF830C /* Session.swift */ = {isa = PBXFileReference; lastKnownFileType = sourcecode.swift; path = Session.swift; sourceTree = "<group>"; };
		5F4DF33F23A0866000FF830C /* ToDoListView.swift */ = {isa = PBXFileReference; lastKnownFileType = sourcecode.swift; path = ToDoListView.swift; sourceTree = "<group>"; };
		5F4DF34123A088B200FF830C /* RefreshableScrollView.swift */ = {isa = PBXFileReference; lastKnownFileType = sourcecode.swift; path = RefreshableScrollView.swift; sourceTree = "<group>"; };
		5F4DF34323A0890A00FF830C /* dbLookupView.swift */ = {isa = PBXFileReference; lastKnownFileType = sourcecode.swift; path = dbLookupView.swift; sourceTree = "<group>"; };
		5F4DF34523A090F600FF830C /* AddNewItemView.swift */ = {isa = PBXFileReference; lastKnownFileType = sourcecode.swift; path = AddNewItemView.swift; sourceTree = "<group>"; };
		5F61841723932147006982BE /* GoogleService-Info.plist */ = {isa = PBXFileReference; fileEncoding = 4; lastKnownFileType = text.plist.xml; path = "GoogleService-Info.plist"; sourceTree = "<group>"; };
		5F9419ED2392FEA300F0CEEE /* Simply Grocery.app */ = {isa = PBXFileReference; explicitFileType = wrapper.application; includeInIndex = 0; path = "Simply Grocery.app"; sourceTree = BUILT_PRODUCTS_DIR; };
		5F9419F02392FEA300F0CEEE /* AppDelegate.swift */ = {isa = PBXFileReference; lastKnownFileType = sourcecode.swift; path = AppDelegate.swift; sourceTree = "<group>"; };
		5F9419F22392FEA300F0CEEE /* SceneDelegate.swift */ = {isa = PBXFileReference; lastKnownFileType = sourcecode.swift; path = SceneDelegate.swift; sourceTree = "<group>"; };
		5F9419F42392FEA300F0CEEE /* SignUp.swift */ = {isa = PBXFileReference; lastKnownFileType = sourcecode.swift; path = SignUp.swift; sourceTree = "<group>"; };
		5F9419F62392FEA600F0CEEE /* Assets.xcassets */ = {isa = PBXFileReference; lastKnownFileType = folder.assetcatalog; path = Assets.xcassets; sourceTree = "<group>"; };
		5F9419F92392FEA600F0CEEE /* Preview Assets.xcassets */ = {isa = PBXFileReference; lastKnownFileType = folder.assetcatalog; path = "Preview Assets.xcassets"; sourceTree = "<group>"; };
		5F9419FC2392FEA600F0CEEE /* Base */ = {isa = PBXFileReference; lastKnownFileType = file.storyboard; name = Base; path = Base.lproj/LaunchScreen.storyboard; sourceTree = "<group>"; };
		5F9419FE2392FEA600F0CEEE /* Info.plist */ = {isa = PBXFileReference; lastKnownFileType = text.plist.xml; path = Info.plist; sourceTree = "<group>"; };
		5F941A032392FEA700F0CEEE /* Simply GroceryTests.xctest */ = {isa = PBXFileReference; explicitFileType = wrapper.cfbundle; includeInIndex = 0; path = "Simply GroceryTests.xctest"; sourceTree = BUILT_PRODUCTS_DIR; };
		5F941A072392FEA700F0CEEE /* simply_groceryTests.swift */ = {isa = PBXFileReference; lastKnownFileType = sourcecode.swift; path = simply_groceryTests.swift; sourceTree = "<group>"; };
		5F941A092392FEA700F0CEEE /* Info.plist */ = {isa = PBXFileReference; lastKnownFileType = text.plist.xml; path = Info.plist; sourceTree = "<group>"; };
		5F941A0E2392FEA700F0CEEE /* Simply GroceryUITests.xctest */ = {isa = PBXFileReference; explicitFileType = wrapper.cfbundle; includeInIndex = 0; path = "Simply GroceryUITests.xctest"; sourceTree = BUILT_PRODUCTS_DIR; };
		5F941A122392FEA700F0CEEE /* simply_groceryUITests.swift */ = {isa = PBXFileReference; lastKnownFileType = sourcecode.swift; path = simply_groceryUITests.swift; sourceTree = "<group>"; };
		5F941A142392FEA700F0CEEE /* Info.plist */ = {isa = PBXFileReference; lastKnownFileType = text.plist.xml; path = Info.plist; sourceTree = "<group>"; };
		6C5B4DB6F13B72F33DB0F653 /* Pods-simply-grocery-simply-groceryUITests.release.xcconfig */ = {isa = PBXFileReference; includeInIndex = 1; lastKnownFileType = text.xcconfig; name = "Pods-simply-grocery-simply-groceryUITests.release.xcconfig"; path = "Target Support Files/Pods-simply-grocery-simply-groceryUITests/Pods-simply-grocery-simply-groceryUITests.release.xcconfig"; sourceTree = "<group>"; };
		95E3811B7FA41F07F4FFE096 /* Pods-simply-grocery-simply-groceryUITests.debug.xcconfig */ = {isa = PBXFileReference; includeInIndex = 1; lastKnownFileType = text.xcconfig; name = "Pods-simply-grocery-simply-groceryUITests.debug.xcconfig"; path = "Target Support Files/Pods-simply-grocery-simply-groceryUITests/Pods-simply-grocery-simply-groceryUITests.debug.xcconfig"; sourceTree = "<group>"; };
		F15D5560048BD0E6802ACBB0 /* Pods-simply-grocery.release.xcconfig */ = {isa = PBXFileReference; includeInIndex = 1; lastKnownFileType = text.xcconfig; name = "Pods-simply-grocery.release.xcconfig"; path = "Target Support Files/Pods-simply-grocery/Pods-simply-grocery.release.xcconfig"; sourceTree = "<group>"; };
		F3D89C8DBD6F7E0CAF633435 /* Pods-simply-groceryTests.release.xcconfig */ = {isa = PBXFileReference; includeInIndex = 1; lastKnownFileType = text.xcconfig; name = "Pods-simply-groceryTests.release.xcconfig"; path = "Target Support Files/Pods-simply-groceryTests/Pods-simply-groceryTests.release.xcconfig"; sourceTree = "<group>"; };
/* End PBXFileReference section */

/* Begin PBXFrameworksBuildPhase section */
		5F9419EA2392FEA300F0CEEE /* Frameworks */ = {
			isa = PBXFrameworksBuildPhase;
			buildActionMask = 2147483647;
			files = (
				93BD510B7C9542EB9127ADA0 /* Pods_simply_grocery.framework in Frameworks */,
			);
			runOnlyForDeploymentPostprocessing = 0;
		};
		5F941A002392FEA700F0CEEE /* Frameworks */ = {
			isa = PBXFrameworksBuildPhase;
			buildActionMask = 2147483647;
			files = (
				E4677C2A6ADB54AE61AC8139 /* Pods_simply_groceryTests.framework in Frameworks */,
			);
			runOnlyForDeploymentPostprocessing = 0;
		};
		5F941A0B2392FEA700F0CEEE /* Frameworks */ = {
			isa = PBXFrameworksBuildPhase;
			buildActionMask = 2147483647;
			files = (
				543FC358610CEA61B9A15AAB /* Pods_simply_grocery_simply_groceryUITests.framework in Frameworks */,
			);
			runOnlyForDeploymentPostprocessing = 0;
		};
/* End PBXFrameworksBuildPhase section */

/* Begin PBXGroup section */
		1D79EE59F331A5A1EECB83C6 /* Pods */ = {
			isa = PBXGroup;
			children = (
				1E7B5056FD91D3B9A42D9FA3 /* Pods-simply-grocery.debug.xcconfig */,
				F15D5560048BD0E6802ACBB0 /* Pods-simply-grocery.release.xcconfig */,
				95E3811B7FA41F07F4FFE096 /* Pods-simply-grocery-simply-groceryUITests.debug.xcconfig */,
				6C5B4DB6F13B72F33DB0F653 /* Pods-simply-grocery-simply-groceryUITests.release.xcconfig */,
				17743BDE7D1C785951572907 /* Pods-simply-groceryTests.debug.xcconfig */,
				F3D89C8DBD6F7E0CAF633435 /* Pods-simply-groceryTests.release.xcconfig */,
			);
			path = Pods;
			sourceTree = "<group>";
		};
		5F4DF33E23A0844300FF830C /* LoginViews */ = {
			isa = PBXGroup;
			children = (
				5F4DF3342399E53800FF830C /* GroceryListView.swift */,
				5F4DF34523A090F600FF830C /* AddNewItemView.swift */,
				5FF227CE23A1CB35004CEEDA /* ToDoList */,
			);
			path = LoginViews;
			sourceTree = "<group>";
		};
		5F9419E42392FEA200F0CEEE = {
			isa = PBXGroup;
			children = (
				5F9419EF2392FEA300F0CEEE /* simply-grocery */,
				5F941A062392FEA700F0CEEE /* simply-groceryTests */,
				5F941A112392FEA700F0CEEE /* simply-groceryUITests */,
				5F9419EE2392FEA300F0CEEE /* Products */,
				1D79EE59F331A5A1EECB83C6 /* Pods */,
				D6F1D7CC03AC71A70245AA17 /* Frameworks */,
			);
			sourceTree = "<group>";
		};
		5F9419EE2392FEA300F0CEEE /* Products */ = {
			isa = PBXGroup;
			children = (
				5F9419ED2392FEA300F0CEEE /* Simply Grocery.app */,
				5F941A032392FEA700F0CEEE /* Simply GroceryTests.xctest */,
				5F941A0E2392FEA700F0CEEE /* Simply GroceryUITests.xctest */,
			);
			name = Products;
			sourceTree = "<group>";
		};
		5F9419EF2392FEA300F0CEEE /* simply-grocery */ = {
			isa = PBXGroup;
			children = (
				5FB57D17239325D900781752 /* Views */,
				5F9419F02392FEA300F0CEEE /* AppDelegate.swift */,
				5F9419F22392FEA300F0CEEE /* SceneDelegate.swift */,
				5F61841723932147006982BE /* GoogleService-Info.plist */,
				5F9419F62392FEA600F0CEEE /* Assets.xcassets */,
				5F9419FB2392FEA600F0CEEE /* LaunchScreen.storyboard */,
				5F9419FE2392FEA600F0CEEE /* Info.plist */,
				5F4DF339239C53BF00FF830C /* UserSettings.swift */,
				5F9419F82392FEA600F0CEEE /* Preview Content */,
				5F4DF33C239C5AC800FF830C /* Session.swift */,
			);
			path = "simply-grocery";
			sourceTree = "<group>";
		};
		5F9419F82392FEA600F0CEEE /* Preview Content */ = {
			isa = PBXGroup;
			children = (
				5F9419F92392FEA600F0CEEE /* Preview Assets.xcassets */,
			);
			path = "Preview Content";
			sourceTree = "<group>";
		};
		5F941A062392FEA700F0CEEE /* simply-groceryTests */ = {
			isa = PBXGroup;
			children = (
				5F941A072392FEA700F0CEEE /* simply_groceryTests.swift */,
				5F941A092392FEA700F0CEEE /* Info.plist */,
			);
			path = "simply-groceryTests";
			sourceTree = "<group>";
		};
		5F941A112392FEA700F0CEEE /* simply-groceryUITests */ = {
			isa = PBXGroup;
			children = (
				5F941A122392FEA700F0CEEE /* simply_groceryUITests.swift */,
				5F941A142392FEA700F0CEEE /* Info.plist */,
			);
			path = "simply-groceryUITests";
			sourceTree = "<group>";
		};
		5FB57D17239325D900781752 /* Views */ = {
			isa = PBXGroup;
			children = (
				5F4DF33E23A0844300FF830C /* LoginViews */,
				5F2515732395EDF700E66843 /* LoginView.swift */,
				5F9419F42392FEA300F0CEEE /* SignUp.swift */,
				5F25157523960A5100E66843 /* WelcomeView.swift */,
			);
			path = Views;
			sourceTree = "<group>";
		};
		5FF227CE23A1CB35004CEEDA /* ToDoList */ = {
			isa = PBXGroup;
			children = (
				5F4DF34123A088B200FF830C /* RefreshableScrollView.swift */,
				5F4DF34323A0890A00FF830C /* dbLookupView.swift */,
				5F4DF33F23A0866000FF830C /* ToDoListView.swift */,
			);
			path = ToDoList;
			sourceTree = "<group>";
		};
		D6F1D7CC03AC71A70245AA17 /* Frameworks */ = {
			isa = PBXGroup;
			children = (
				5DE8E24A05539A5783388D81 /* Pods_simply_grocery.framework */,
				25718AD9BD39AA9ABE6593CC /* Pods_simply_grocery_simply_groceryUITests.framework */,
				27E72FCDBC6FD6C24F7D5284 /* Pods_simply_groceryTests.framework */,
			);
			name = Frameworks;
			sourceTree = "<group>";
		};
/* End PBXGroup section */

/* Begin PBXNativeTarget section */
		5F9419EC2392FEA300F0CEEE /* Simply Grocery */ = {
			isa = PBXNativeTarget;
			buildConfigurationList = 5F941A172392FEA700F0CEEE /* Build configuration list for PBXNativeTarget "Simply Grocery" */;
			buildPhases = (
				0EC6E51103F64FDC4BF7920F /* [CP] Check Pods Manifest.lock */,
				5F9419E92392FEA300F0CEEE /* Sources */,
				5F9419EA2392FEA300F0CEEE /* Frameworks */,
				5F9419EB2392FEA300F0CEEE /* Resources */,
				4F1FB2CFBC54850ED6C4C71A /* [CP] Embed Pods Frameworks */,
				DB9A2361D5160B434513F850 /* [CP] Copy Pods Resources */,
			);
			buildRules = (
			);
			dependencies = (
			);
			name = "Simply Grocery";
			productName = "simply-grocery";
			productReference = 5F9419ED2392FEA300F0CEEE /* Simply Grocery.app */;
			productType = "com.apple.product-type.application";
		};
		5F941A022392FEA700F0CEEE /* Simply GroceryTests */ = {
			isa = PBXNativeTarget;
			buildConfigurationList = 5F941A1A2392FEA700F0CEEE /* Build configuration list for PBXNativeTarget "Simply GroceryTests" */;
			buildPhases = (
				58A0E5E107CF5B780F5889D9 /* [CP] Check Pods Manifest.lock */,
				5F9419FF2392FEA700F0CEEE /* Sources */,
				5F941A002392FEA700F0CEEE /* Frameworks */,
				5F941A012392FEA700F0CEEE /* Resources */,
			);
			buildRules = (
			);
			dependencies = (
				5F941A052392FEA700F0CEEE /* PBXTargetDependency */,
			);
			name = "Simply GroceryTests";
			productName = "simply-groceryTests";
			productReference = 5F941A032392FEA700F0CEEE /* Simply GroceryTests.xctest */;
			productType = "com.apple.product-type.bundle.unit-test";
		};
		5F941A0D2392FEA700F0CEEE /* Simply GroceryUITests */ = {
			isa = PBXNativeTarget;
			buildConfigurationList = 5F941A1D2392FEA700F0CEEE /* Build configuration list for PBXNativeTarget "Simply GroceryUITests" */;
			buildPhases = (
				49190F383136EE84E4E5057A /* [CP] Check Pods Manifest.lock */,
				5F941A0A2392FEA700F0CEEE /* Sources */,
				5F941A0B2392FEA700F0CEEE /* Frameworks */,
				5F941A0C2392FEA700F0CEEE /* Resources */,
				974883D4B55CE7E5416AF908 /* [CP] Embed Pods Frameworks */,
				EC4AF371BC9462B2665D104F /* [CP] Copy Pods Resources */,
			);
			buildRules = (
			);
			dependencies = (
				5F941A102392FEA700F0CEEE /* PBXTargetDependency */,
			);
			name = "Simply GroceryUITests";
			productName = "simply-groceryUITests";
			productReference = 5F941A0E2392FEA700F0CEEE /* Simply GroceryUITests.xctest */;
			productType = "com.apple.product-type.bundle.ui-testing";
		};
/* End PBXNativeTarget section */

/* Begin PBXProject section */
		5F9419E52392FEA200F0CEEE /* Project object */ = {
			isa = PBXProject;
			attributes = {
				LastSwiftUpdateCheck = 1120;
				LastUpgradeCheck = 1120;
				ORGANIZATIONNAME = "Brandon Toy";
				TargetAttributes = {
					5F9419EC2392FEA300F0CEEE = {
						CreatedOnToolsVersion = 11.2;
					};
					5F941A022392FEA700F0CEEE = {
						CreatedOnToolsVersion = 11.2;
						TestTargetID = 5F9419EC2392FEA300F0CEEE;
					};
					5F941A0D2392FEA700F0CEEE = {
						CreatedOnToolsVersion = 11.2;
						TestTargetID = 5F9419EC2392FEA300F0CEEE;
					};
				};
			};
			buildConfigurationList = 5F9419E82392FEA200F0CEEE /* Build configuration list for PBXProject "Simply Grocery" */;
			compatibilityVersion = "Xcode 9.3";
			developmentRegion = en;
			hasScannedForEncodings = 0;
			knownRegions = (
				en,
				Base,
			);
			mainGroup = 5F9419E42392FEA200F0CEEE;
			productRefGroup = 5F9419EE2392FEA300F0CEEE /* Products */;
			projectDirPath = "";
			projectRoot = "";
			targets = (
				5F9419EC2392FEA300F0CEEE /* Simply Grocery */,
				5F941A022392FEA700F0CEEE /* Simply GroceryTests */,
				5F941A0D2392FEA700F0CEEE /* Simply GroceryUITests */,
			);
		};
/* End PBXProject section */

/* Begin PBXResourcesBuildPhase section */
		5F9419EB2392FEA300F0CEEE /* Resources */ = {
			isa = PBXResourcesBuildPhase;
			buildActionMask = 2147483647;
			files = (
				5F9419FD2392FEA600F0CEEE /* LaunchScreen.storyboard in Resources */,
				5F61841823932147006982BE /* GoogleService-Info.plist in Resources */,
				5F9419FA2392FEA600F0CEEE /* Preview Assets.xcassets in Resources */,
				5F9419F72392FEA600F0CEEE /* Assets.xcassets in Resources */,
			);
			runOnlyForDeploymentPostprocessing = 0;
		};
		5F941A012392FEA700F0CEEE /* Resources */ = {
			isa = PBXResourcesBuildPhase;
			buildActionMask = 2147483647;
			files = (
			);
			runOnlyForDeploymentPostprocessing = 0;
		};
		5F941A0C2392FEA700F0CEEE /* Resources */ = {
			isa = PBXResourcesBuildPhase;
			buildActionMask = 2147483647;
			files = (
			);
			runOnlyForDeploymentPostprocessing = 0;
		};
/* End PBXResourcesBuildPhase section */

/* Begin PBXShellScriptBuildPhase section */
		0EC6E51103F64FDC4BF7920F /* [CP] Check Pods Manifest.lock */ = {
			isa = PBXShellScriptBuildPhase;
			buildActionMask = 2147483647;
			files = (
			);
			inputFileListPaths = (
			);
			inputPaths = (
				"${PODS_PODFILE_DIR_PATH}/Podfile.lock",
				"${PODS_ROOT}/Manifest.lock",
			);
			name = "[CP] Check Pods Manifest.lock";
			outputFileListPaths = (
			);
			outputPaths = (
				"$(DERIVED_FILE_DIR)/Pods-simply-grocery-checkManifestLockResult.txt",
			);
			runOnlyForDeploymentPostprocessing = 0;
			shellPath = /bin/sh;
			shellScript = "diff \"${PODS_PODFILE_DIR_PATH}/Podfile.lock\" \"${PODS_ROOT}/Manifest.lock\" > /dev/null\nif [ $? != 0 ] ; then\n    # print error to STDERR\n    echo \"error: The sandbox is not in sync with the Podfile.lock. Run 'pod install' or update your CocoaPods installation.\" >&2\n    exit 1\nfi\n# This output is used by Xcode 'outputs' to avoid re-running this script phase.\necho \"SUCCESS\" > \"${SCRIPT_OUTPUT_FILE_0}\"\n";
			showEnvVarsInLog = 0;
		};
		49190F383136EE84E4E5057A /* [CP] Check Pods Manifest.lock */ = {
			isa = PBXShellScriptBuildPhase;
			buildActionMask = 2147483647;
			files = (
			);
			inputFileListPaths = (
			);
			inputPaths = (
				"${PODS_PODFILE_DIR_PATH}/Podfile.lock",
				"${PODS_ROOT}/Manifest.lock",
			);
			name = "[CP] Check Pods Manifest.lock";
			outputFileListPaths = (
			);
			outputPaths = (
				"$(DERIVED_FILE_DIR)/Pods-simply-grocery-simply-groceryUITests-checkManifestLockResult.txt",
			);
			runOnlyForDeploymentPostprocessing = 0;
			shellPath = /bin/sh;
			shellScript = "diff \"${PODS_PODFILE_DIR_PATH}/Podfile.lock\" \"${PODS_ROOT}/Manifest.lock\" > /dev/null\nif [ $? != 0 ] ; then\n    # print error to STDERR\n    echo \"error: The sandbox is not in sync with the Podfile.lock. Run 'pod install' or update your CocoaPods installation.\" >&2\n    exit 1\nfi\n# This output is used by Xcode 'outputs' to avoid re-running this script phase.\necho \"SUCCESS\" > \"${SCRIPT_OUTPUT_FILE_0}\"\n";
			showEnvVarsInLog = 0;
		};
		4F1FB2CFBC54850ED6C4C71A /* [CP] Embed Pods Frameworks */ = {
			isa = PBXShellScriptBuildPhase;
			buildActionMask = 2147483647;
			files = (
			);
			inputFileListPaths = (
				"${PODS_ROOT}/Target Support Files/Pods-simply-grocery/Pods-simply-grocery-frameworks-${CONFIGURATION}-input-files.xcfilelist",
			);
			name = "[CP] Embed Pods Frameworks";
			outputFileListPaths = (
				"${PODS_ROOT}/Target Support Files/Pods-simply-grocery/Pods-simply-grocery-frameworks-${CONFIGURATION}-output-files.xcfilelist",
			);
			runOnlyForDeploymentPostprocessing = 0;
			shellPath = /bin/sh;
			shellScript = "\"${PODS_ROOT}/Target Support Files/Pods-simply-grocery/Pods-simply-grocery-frameworks.sh\"\n";
			showEnvVarsInLog = 0;
		};
		58A0E5E107CF5B780F5889D9 /* [CP] Check Pods Manifest.lock */ = {
			isa = PBXShellScriptBuildPhase;
			buildActionMask = 2147483647;
			files = (
			);
			inputFileListPaths = (
			);
			inputPaths = (
				"${PODS_PODFILE_DIR_PATH}/Podfile.lock",
				"${PODS_ROOT}/Manifest.lock",
			);
			name = "[CP] Check Pods Manifest.lock";
			outputFileListPaths = (
			);
			outputPaths = (
				"$(DERIVED_FILE_DIR)/Pods-simply-groceryTests-checkManifestLockResult.txt",
			);
			runOnlyForDeploymentPostprocessing = 0;
			shellPath = /bin/sh;
			shellScript = "diff \"${PODS_PODFILE_DIR_PATH}/Podfile.lock\" \"${PODS_ROOT}/Manifest.lock\" > /dev/null\nif [ $? != 0 ] ; then\n    # print error to STDERR\n    echo \"error: The sandbox is not in sync with the Podfile.lock. Run 'pod install' or update your CocoaPods installation.\" >&2\n    exit 1\nfi\n# This output is used by Xcode 'outputs' to avoid re-running this script phase.\necho \"SUCCESS\" > \"${SCRIPT_OUTPUT_FILE_0}\"\n";
			showEnvVarsInLog = 0;
		};
		974883D4B55CE7E5416AF908 /* [CP] Embed Pods Frameworks */ = {
			isa = PBXShellScriptBuildPhase;
			buildActionMask = 2147483647;
			files = (
			);
			inputFileListPaths = (
				"${PODS_ROOT}/Target Support Files/Pods-simply-grocery-simply-groceryUITests/Pods-simply-grocery-simply-groceryUITests-frameworks-${CONFIGURATION}-input-files.xcfilelist",
			);
			name = "[CP] Embed Pods Frameworks";
			outputFileListPaths = (
				"${PODS_ROOT}/Target Support Files/Pods-simply-grocery-simply-groceryUITests/Pods-simply-grocery-simply-groceryUITests-frameworks-${CONFIGURATION}-output-files.xcfilelist",
			);
			runOnlyForDeploymentPostprocessing = 0;
			shellPath = /bin/sh;
			shellScript = "\"${PODS_ROOT}/Target Support Files/Pods-simply-grocery-simply-groceryUITests/Pods-simply-grocery-simply-groceryUITests-frameworks.sh\"\n";
			showEnvVarsInLog = 0;
		};
		DB9A2361D5160B434513F850 /* [CP] Copy Pods Resources */ = {
			isa = PBXShellScriptBuildPhase;
			buildActionMask = 2147483647;
			files = (
			);
			inputFileListPaths = (
				"${PODS_ROOT}/Target Support Files/Pods-simply-grocery/Pods-simply-grocery-resources-${CONFIGURATION}-input-files.xcfilelist",
			);
			name = "[CP] Copy Pods Resources";
			outputFileListPaths = (
				"${PODS_ROOT}/Target Support Files/Pods-simply-grocery/Pods-simply-grocery-resources-${CONFIGURATION}-output-files.xcfilelist",
			);
			runOnlyForDeploymentPostprocessing = 0;
			shellPath = /bin/sh;
			shellScript = "\"${PODS_ROOT}/Target Support Files/Pods-simply-grocery/Pods-simply-grocery-resources.sh\"\n";
			showEnvVarsInLog = 0;
		};
		EC4AF371BC9462B2665D104F /* [CP] Copy Pods Resources */ = {
			isa = PBXShellScriptBuildPhase;
			buildActionMask = 2147483647;
			files = (
			);
			inputFileListPaths = (
				"${PODS_ROOT}/Target Support Files/Pods-simply-grocery-simply-groceryUITests/Pods-simply-grocery-simply-groceryUITests-resources-${CONFIGURATION}-input-files.xcfilelist",
			);
			name = "[CP] Copy Pods Resources";
			outputFileListPaths = (
				"${PODS_ROOT}/Target Support Files/Pods-simply-grocery-simply-groceryUITests/Pods-simply-grocery-simply-groceryUITests-resources-${CONFIGURATION}-output-files.xcfilelist",
			);
			runOnlyForDeploymentPostprocessing = 0;
			shellPath = /bin/sh;
			shellScript = "\"${PODS_ROOT}/Target Support Files/Pods-simply-grocery-simply-groceryUITests/Pods-simply-grocery-simply-groceryUITests-resources.sh\"\n";
			showEnvVarsInLog = 0;
		};
/* End PBXShellScriptBuildPhase section */

/* Begin PBXSourcesBuildPhase section */
		5F9419E92392FEA300F0CEEE /* Sources */ = {
			isa = PBXSourcesBuildPhase;
			buildActionMask = 2147483647;
			files = (
				5F4DF34423A0890A00FF830C /* dbLookupView.swift in Sources */,
				5F25157623960A5100E66843 /* WelcomeView.swift in Sources */,
				5F9419F12392FEA300F0CEEE /* AppDelegate.swift in Sources */,
				5F4DF3352399E53800FF830C /* GroceryListView.swift in Sources */,
				5F4DF34023A0866000FF830C /* ToDoListView.swift in Sources */,
				5F9419F32392FEA300F0CEEE /* SceneDelegate.swift in Sources */,
				5F4DF33D239C5AC800FF830C /* Session.swift in Sources */,
				5F9419F52392FEA300F0CEEE /* SignUp.swift in Sources */,
				5F4DF34623A090F600FF830C /* AddNewItemView.swift in Sources */,
				5F2515742395EDF800E66843 /* LoginView.swift in Sources */,
				5F4DF33A239C53BF00FF830C /* UserSettings.swift in Sources */,
				5F4DF34223A088B200FF830C /* RefreshableScrollView.swift in Sources */,
			);
			runOnlyForDeploymentPostprocessing = 0;
		};
		5F9419FF2392FEA700F0CEEE /* Sources */ = {
			isa = PBXSourcesBuildPhase;
			buildActionMask = 2147483647;
			files = (
				5F941A082392FEA700F0CEEE /* simply_groceryTests.swift in Sources */,
			);
			runOnlyForDeploymentPostprocessing = 0;
		};
		5F941A0A2392FEA700F0CEEE /* Sources */ = {
			isa = PBXSourcesBuildPhase;
			buildActionMask = 2147483647;
			files = (
				5F941A132392FEA700F0CEEE /* simply_groceryUITests.swift in Sources */,
			);
			runOnlyForDeploymentPostprocessing = 0;
		};
/* End PBXSourcesBuildPhase section */

/* Begin PBXTargetDependency section */
		5F941A052392FEA700F0CEEE /* PBXTargetDependency */ = {
			isa = PBXTargetDependency;
			target = 5F9419EC2392FEA300F0CEEE /* Simply Grocery */;
			targetProxy = 5F941A042392FEA700F0CEEE /* PBXContainerItemProxy */;
		};
		5F941A102392FEA700F0CEEE /* PBXTargetDependency */ = {
			isa = PBXTargetDependency;
			target = 5F9419EC2392FEA300F0CEEE /* Simply Grocery */;
			targetProxy = 5F941A0F2392FEA700F0CEEE /* PBXContainerItemProxy */;
		};
/* End PBXTargetDependency section */

/* Begin PBXVariantGroup section */
		5F9419FB2392FEA600F0CEEE /* LaunchScreen.storyboard */ = {
			isa = PBXVariantGroup;
			children = (
				5F9419FC2392FEA600F0CEEE /* Base */,
			);
			name = LaunchScreen.storyboard;
			sourceTree = "<group>";
		};
/* End PBXVariantGroup section */

/* Begin XCBuildConfiguration section */
		5F941A152392FEA700F0CEEE /* Debug */ = {
			isa = XCBuildConfiguration;
			buildSettings = {
				ALWAYS_SEARCH_USER_PATHS = NO;
				CLANG_ANALYZER_NONNULL = YES;
				CLANG_ANALYZER_NUMBER_OBJECT_CONVERSION = YES_AGGRESSIVE;
				CLANG_CXX_LANGUAGE_STANDARD = "gnu++14";
				CLANG_CXX_LIBRARY = "libc++";
				CLANG_ENABLE_MODULES = YES;
				CLANG_ENABLE_OBJC_ARC = YES;
				CLANG_ENABLE_OBJC_WEAK = YES;
				CLANG_WARN_BLOCK_CAPTURE_AUTORELEASING = YES;
				CLANG_WARN_BOOL_CONVERSION = YES;
				CLANG_WARN_COMMA = YES;
				CLANG_WARN_CONSTANT_CONVERSION = YES;
				CLANG_WARN_DEPRECATED_OBJC_IMPLEMENTATIONS = YES;
				CLANG_WARN_DIRECT_OBJC_ISA_USAGE = YES_ERROR;
				CLANG_WARN_DOCUMENTATION_COMMENTS = YES;
				CLANG_WARN_EMPTY_BODY = YES;
				CLANG_WARN_ENUM_CONVERSION = YES;
				CLANG_WARN_INFINITE_RECURSION = YES;
				CLANG_WARN_INT_CONVERSION = YES;
				CLANG_WARN_NON_LITERAL_NULL_CONVERSION = YES;
				CLANG_WARN_OBJC_IMPLICIT_RETAIN_SELF = YES;
				CLANG_WARN_OBJC_LITERAL_CONVERSION = YES;
				CLANG_WARN_OBJC_ROOT_CLASS = YES_ERROR;
				CLANG_WARN_RANGE_LOOP_ANALYSIS = YES;
				CLANG_WARN_STRICT_PROTOTYPES = YES;
				CLANG_WARN_SUSPICIOUS_MOVE = YES;
				CLANG_WARN_UNGUARDED_AVAILABILITY = YES_AGGRESSIVE;
				CLANG_WARN_UNREACHABLE_CODE = YES;
				CLANG_WARN__DUPLICATE_METHOD_MATCH = YES;
				COPY_PHASE_STRIP = NO;
				DEBUG_INFORMATION_FORMAT = dwarf;
				ENABLE_STRICT_OBJC_MSGSEND = YES;
				ENABLE_TESTABILITY = YES;
				GCC_C_LANGUAGE_STANDARD = gnu11;
				GCC_DYNAMIC_NO_PIC = NO;
				GCC_NO_COMMON_BLOCKS = YES;
				GCC_OPTIMIZATION_LEVEL = 0;
				GCC_PREPROCESSOR_DEFINITIONS = (
					"DEBUG=1",
					"$(inherited)",
				);
				GCC_WARN_64_TO_32_BIT_CONVERSION = YES;
				GCC_WARN_ABOUT_RETURN_TYPE = YES_ERROR;
				GCC_WARN_UNDECLARED_SELECTOR = YES;
				GCC_WARN_UNINITIALIZED_AUTOS = YES_AGGRESSIVE;
				GCC_WARN_UNUSED_FUNCTION = YES;
				GCC_WARN_UNUSED_VARIABLE = YES;
				IPHONEOS_DEPLOYMENT_TARGET = 13.2;
				MTL_ENABLE_DEBUG_INFO = INCLUDE_SOURCE;
				MTL_FAST_MATH = YES;
				ONLY_ACTIVE_ARCH = YES;
				SDKROOT = iphoneos;
				SWIFT_ACTIVE_COMPILATION_CONDITIONS = DEBUG;
				SWIFT_OPTIMIZATION_LEVEL = "-Onone";
			};
			name = Debug;
		};
		5F941A162392FEA700F0CEEE /* Release */ = {
			isa = XCBuildConfiguration;
			buildSettings = {
				ALWAYS_SEARCH_USER_PATHS = NO;
				CLANG_ANALYZER_NONNULL = YES;
				CLANG_ANALYZER_NUMBER_OBJECT_CONVERSION = YES_AGGRESSIVE;
				CLANG_CXX_LANGUAGE_STANDARD = "gnu++14";
				CLANG_CXX_LIBRARY = "libc++";
				CLANG_ENABLE_MODULES = YES;
				CLANG_ENABLE_OBJC_ARC = YES;
				CLANG_ENABLE_OBJC_WEAK = YES;
				CLANG_WARN_BLOCK_CAPTURE_AUTORELEASING = YES;
				CLANG_WARN_BOOL_CONVERSION = YES;
				CLANG_WARN_COMMA = YES;
				CLANG_WARN_CONSTANT_CONVERSION = YES;
				CLANG_WARN_DEPRECATED_OBJC_IMPLEMENTATIONS = YES;
				CLANG_WARN_DIRECT_OBJC_ISA_USAGE = YES_ERROR;
				CLANG_WARN_DOCUMENTATION_COMMENTS = YES;
				CLANG_WARN_EMPTY_BODY = YES;
				CLANG_WARN_ENUM_CONVERSION = YES;
				CLANG_WARN_INFINITE_RECURSION = YES;
				CLANG_WARN_INT_CONVERSION = YES;
				CLANG_WARN_NON_LITERAL_NULL_CONVERSION = YES;
				CLANG_WARN_OBJC_IMPLICIT_RETAIN_SELF = YES;
				CLANG_WARN_OBJC_LITERAL_CONVERSION = YES;
				CLANG_WARN_OBJC_ROOT_CLASS = YES_ERROR;
				CLANG_WARN_RANGE_LOOP_ANALYSIS = YES;
				CLANG_WARN_STRICT_PROTOTYPES = YES;
				CLANG_WARN_SUSPICIOUS_MOVE = YES;
				CLANG_WARN_UNGUARDED_AVAILABILITY = YES_AGGRESSIVE;
				CLANG_WARN_UNREACHABLE_CODE = YES;
				CLANG_WARN__DUPLICATE_METHOD_MATCH = YES;
				COPY_PHASE_STRIP = NO;
				DEBUG_INFORMATION_FORMAT = "dwarf-with-dsym";
				ENABLE_NS_ASSERTIONS = NO;
				ENABLE_STRICT_OBJC_MSGSEND = YES;
				GCC_C_LANGUAGE_STANDARD = gnu11;
				GCC_NO_COMMON_BLOCKS = YES;
				GCC_WARN_64_TO_32_BIT_CONVERSION = YES;
				GCC_WARN_ABOUT_RETURN_TYPE = YES_ERROR;
				GCC_WARN_UNDECLARED_SELECTOR = YES;
				GCC_WARN_UNINITIALIZED_AUTOS = YES_AGGRESSIVE;
				GCC_WARN_UNUSED_FUNCTION = YES;
				GCC_WARN_UNUSED_VARIABLE = YES;
				IPHONEOS_DEPLOYMENT_TARGET = 13.2;
				MTL_ENABLE_DEBUG_INFO = NO;
				MTL_FAST_MATH = YES;
				SDKROOT = iphoneos;
				SWIFT_COMPILATION_MODE = wholemodule;
				SWIFT_OPTIMIZATION_LEVEL = "-O";
				VALIDATE_PRODUCT = YES;
			};
			name = Release;
		};
		5F941A182392FEA700F0CEEE /* Debug */ = {
			isa = XCBuildConfiguration;
			baseConfigurationReference = 1E7B5056FD91D3B9A42D9FA3 /* Pods-simply-grocery.debug.xcconfig */;
			buildSettings = {
				ASSETCATALOG_COMPILER_APPICON_NAME = AppIcon;
				CODE_SIGN_STYLE = Automatic;
				DEVELOPMENT_ASSET_PATHS = "\"simply-grocery/Preview Content\"";
				DEVELOPMENT_TEAM = X2T7FASD83;
				ENABLE_PREVIEWS = YES;
				INFOPLIST_FILE = "simply-grocery/Info.plist";
				LD_RUNPATH_SEARCH_PATHS = (
					"$(inherited)",
					"@executable_path/Frameworks",
				);
				PRODUCT_BUNDLE_IDENTIFIER = "brandontoy.simply-grocery";
				PRODUCT_NAME = "$(TARGET_NAME)";
				SWIFT_VERSION = 5.0;
				TARGETED_DEVICE_FAMILY = 1;
			};
			name = Debug;
		};
		5F941A192392FEA700F0CEEE /* Release */ = {
			isa = XCBuildConfiguration;
			baseConfigurationReference = F15D5560048BD0E6802ACBB0 /* Pods-simply-grocery.release.xcconfig */;
			buildSettings = {
				ASSETCATALOG_COMPILER_APPICON_NAME = AppIcon;
				CODE_SIGN_STYLE = Automatic;
				DEVELOPMENT_ASSET_PATHS = "\"simply-grocery/Preview Content\"";
				DEVELOPMENT_TEAM = X2T7FASD83;
				ENABLE_PREVIEWS = YES;
				INFOPLIST_FILE = "simply-grocery/Info.plist";
				LD_RUNPATH_SEARCH_PATHS = (
					"$(inherited)",
					"@executable_path/Frameworks",
				);
				PRODUCT_BUNDLE_IDENTIFIER = "brandontoy.simply-grocery";
				PRODUCT_NAME = "$(TARGET_NAME)";
				SWIFT_VERSION = 5.0;
				TARGETED_DEVICE_FAMILY = 1;
			};
			name = Release;
		};
		5F941A1B2392FEA700F0CEEE /* Debug */ = {
			isa = XCBuildConfiguration;
			baseConfigurationReference = 17743BDE7D1C785951572907 /* Pods-simply-groceryTests.debug.xcconfig */;
			buildSettings = {
				ALWAYS_EMBED_SWIFT_STANDARD_LIBRARIES = YES;
				BUNDLE_LOADER = "$(TEST_HOST)";
				CODE_SIGN_STYLE = Automatic;
				DEVELOPMENT_TEAM = X2T7FASD83;
				INFOPLIST_FILE = "simply-groceryTests/Info.plist";
				IPHONEOS_DEPLOYMENT_TARGET = 13.2;
				LD_RUNPATH_SEARCH_PATHS = (
					"$(inherited)",
					"@executable_path/Frameworks",
					"@loader_path/Frameworks",
				);
				PRODUCT_BUNDLE_IDENTIFIER = "brandontoy.simply-groceryTests";
				PRODUCT_NAME = "$(TARGET_NAME)";
				SWIFT_VERSION = 5.0;
				TARGETED_DEVICE_FAMILY = "1,2";
				TEST_HOST = "$(BUILT_PRODUCTS_DIR)/Simply Grocery.app/Simply Grocery";
			};
			name = Debug;
		};
		5F941A1C2392FEA700F0CEEE /* Release */ = {
			isa = XCBuildConfiguration;
			baseConfigurationReference = F3D89C8DBD6F7E0CAF633435 /* Pods-simply-groceryTests.release.xcconfig */;
			buildSettings = {
				ALWAYS_EMBED_SWIFT_STANDARD_LIBRARIES = YES;
				BUNDLE_LOADER = "$(TEST_HOST)";
				CODE_SIGN_STYLE = Automatic;
				DEVELOPMENT_TEAM = X2T7FASD83;
				INFOPLIST_FILE = "simply-groceryTests/Info.plist";
				IPHONEOS_DEPLOYMENT_TARGET = 13.2;
				LD_RUNPATH_SEARCH_PATHS = (
					"$(inherited)",
					"@executable_path/Frameworks",
					"@loader_path/Frameworks",
				);
				PRODUCT_BUNDLE_IDENTIFIER = "brandontoy.simply-groceryTests";
				PRODUCT_NAME = "$(TARGET_NAME)";
				SWIFT_VERSION = 5.0;
				TARGETED_DEVICE_FAMILY = "1,2";
				TEST_HOST = "$(BUILT_PRODUCTS_DIR)/Simply Grocery.app/Simply Grocery";
			};
			name = Release;
		};
		5F941A1E2392FEA700F0CEEE /* Debug */ = {
			isa = XCBuildConfiguration;
			baseConfigurationReference = 95E3811B7FA41F07F4FFE096 /* Pods-simply-grocery-simply-groceryUITests.debug.xcconfig */;
			buildSettings = {
				ALWAYS_EMBED_SWIFT_STANDARD_LIBRARIES = YES;
				CODE_SIGN_STYLE = Automatic;
				DEVELOPMENT_TEAM = X2T7FASD83;
				INFOPLIST_FILE = "simply-groceryUITests/Info.plist";
				LD_RUNPATH_SEARCH_PATHS = (
					"$(inherited)",
					"@executable_path/Frameworks",
					"@loader_path/Frameworks",
				);
				PRODUCT_BUNDLE_IDENTIFIER = "brandontoy.simply-groceryUITests";
				PRODUCT_NAME = "$(TARGET_NAME)";
				SWIFT_VERSION = 5.0;
				TARGETED_DEVICE_FAMILY = "1,2";
				TEST_TARGET_NAME = "simply-grocery";
			};
			name = Debug;
		};
		5F941A1F2392FEA700F0CEEE /* Release */ = {
			isa = XCBuildConfiguration;
			baseConfigurationReference = 6C5B4DB6F13B72F33DB0F653 /* Pods-simply-grocery-simply-groceryUITests.release.xcconfig */;
			buildSettings = {
				ALWAYS_EMBED_SWIFT_STANDARD_LIBRARIES = YES;
				CODE_SIGN_STYLE = Automatic;
				DEVELOPMENT_TEAM = X2T7FASD83;
				INFOPLIST_FILE = "simply-groceryUITests/Info.plist";
				LD_RUNPATH_SEARCH_PATHS = (
					"$(inherited)",
					"@executable_path/Frameworks",
					"@loader_path/Frameworks",
				);
				PRODUCT_BUNDLE_IDENTIFIER = "brandontoy.simply-groceryUITests";
				PRODUCT_NAME = "$(TARGET_NAME)";
				SWIFT_VERSION = 5.0;
				TARGETED_DEVICE_FAMILY = "1,2";
				TEST_TARGET_NAME = "simply-grocery";
			};
			name = Release;
		};
/* End XCBuildConfiguration section */

/* Begin XCConfigurationList section */
		5F9419E82392FEA200F0CEEE /* Build configuration list for PBXProject "Simply Grocery" */ = {
			isa = XCConfigurationList;
			buildConfigurations = (
				5F941A152392FEA700F0CEEE /* Debug */,
				5F941A162392FEA700F0CEEE /* Release */,
			);
			defaultConfigurationIsVisible = 0;
			defaultConfigurationName = Release;
		};
		5F941A172392FEA700F0CEEE /* Build configuration list for PBXNativeTarget "Simply Grocery" */ = {
			isa = XCConfigurationList;
			buildConfigurations = (
				5F941A182392FEA700F0CEEE /* Debug */,
				5F941A192392FEA700F0CEEE /* Release */,
			);
			defaultConfigurationIsVisible = 0;
			defaultConfigurationName = Release;
		};
		5F941A1A2392FEA700F0CEEE /* Build configuration list for PBXNativeTarget "Simply GroceryTests" */ = {
			isa = XCConfigurationList;
			buildConfigurations = (
				5F941A1B2392FEA700F0CEEE /* Debug */,
				5F941A1C2392FEA700F0CEEE /* Release */,
			);
			defaultConfigurationIsVisible = 0;
			defaultConfigurationName = Release;
		};
		5F941A1D2392FEA700F0CEEE /* Build configuration list for PBXNativeTarget "Simply GroceryUITests" */ = {
			isa = XCConfigurationList;
			buildConfigurations = (
				5F941A1E2392FEA700F0CEEE /* Debug */,
				5F941A1F2392FEA700F0CEEE /* Release */,
			);
			defaultConfigurationIsVisible = 0;
			defaultConfigurationName = Release;
		};
/* End XCConfigurationList section */
	};
	rootObject = 5F9419E52392FEA200F0CEEE /* Project object */;
}
